
Microsoft Visual Studio Solution File, Format Version 12.00
# Visual Studio Version 17
VisualStudioVersion = 17.11.35327.3
MinimumVisualStudioVersion = 10.0.40219.1
Project("{FAE04EC0-301F-11D3-BF4B-00C04F79EFBC}") = "InfiniteRounds", "InfiniteRounds.csproj", "{7177C957-2D48-4FE2-B965-83909D37080A}"
EndProject
Global
	GlobalSection(SolutionConfigurationPlatforms) = preSolution
		Debug|Any CPU = Debug|Any CPU
		Release|Any CPU = Release|Any CPU
	EndGlobalSection
	GlobalSection(ProjectConfigurationPlatforms) = postSolution
		{7177C957-2D48-4FE2-B965-83909D37080A}.Debug|Any CPU.ActiveCfg = Debug|Any CPU
		{7177C957-2D48-4FE2-B965-83909D37080A}.Debug|Any CPU.Build.0 = Debug|Any CPU
		{7177C957-2D48-4FE2-B965-83909D37080A}.Release|Any CPU.ActiveCfg = Release|Any CPU
		{7177C957-2D48-4FE2-B965-83909D37080A}.Release|Any CPU.Build.0 = Release|Any CPU
	EndGlobalSection
	GlobalSection(SolutionProperties) = preSolution
		HideSolutionNode = FALSE
	EndGlobalSection
	GlobalSection(ExtensibilityGlobals) = postSolution
		SolutionGuid = {2D9E3D33-B699-4FC8-A31E-128769389ABF}
	EndGlobalSection
EndGlobal
